
Microsoft Visual Studio Solution File, Format Version 12.00
# Visual Studio Version 16
VisualStudioVersion = 16.0.29519.87
MinimumVisualStudioVersion = 10.0.40219.1
Project("{FAE04EC0-301F-11D3-BF4B-00C04F79EFBC}") = "ConsoleApp2", "ConsoleApp2\ConsoleApp2.csproj", "{10570E01-35F6-4134-B731-A602D69C564F}"
EndProject
Global
	GlobalSection(SolutionConfigurationPlatforms) = preSolution
		Debug|Any CPU = Debug|Any CPU
		Release|Any CPU = Release|Any CPU
	EndGlobalSection
	GlobalSection(ProjectConfigurationPlatforms) = postSolution
		{10570E01-35F6-4134-B731-A602D69C564F}.Debug|Any CPU.ActiveCfg = Debug|Any CPU
		{10570E01-35F6-4134-B731-A602D69C564F}.Debug|Any CPU.Build.0 = Debug|Any CPU
		{10570E01-35F6-4134-B731-A602D69C564F}.Release|Any CPU.ActiveCfg = Release|Any CPU
		{10570E01-35F6-4134-B731-A602D69C564F}.Release|Any CPU.Build.0 = Release|Any CPU
	EndGlobalSection
	GlobalSection(SolutionProperties) = preSolution
		HideSolutionNode = FALSE
	EndGlobalSection
	GlobalSection(ExtensibilityGlobals) = postSolution
		SolutionGuid = {B8B4EFF0-2B36-41E3-B679-926D33485B45}
	EndGlobalSection
EndGlobal
